Microsoft Visual Studio Solution File, Format Version 11.00
# Visual Studio 2008

Project("{C9E92944-C5F7-B79C-3A5A-39202FFD2629}") = "peliprojekti", "Assembly-CSharp.csproj", "{32D35113-B332-487B-2827-E3F6D262DC5B}"
EndProject
Project("{C9E92944-C5F7-B79C-3A5A-39202FFD2629}") = "peliprojekti", "Assembly-UnityScript.unityproj", "{AA77CE58-5FBC-3F9E-8FAF-E5CFE857C06A}"
EndProject
Global
	GlobalSection(SolutionConfigurationPlatforms) = preSolution
		Debug|Any CPU = Debug|Any CPU
		Release|Any CPU = Release|Any CPU
	EndGlobalSection
	GlobalSection(ProjectConfigurationPlatforms) = postSolution
		{32D35113-B332-487B-2827-E3F6D262DC5B}.Debug|Any CPU.ActiveCfg = Debug|Any CPU
		{32D35113-B332-487B-2827-E3F6D262DC5B}.Debug|Any CPU.Build.0 = Debug|Any CPU
		{32D35113-B332-487B-2827-E3F6D262DC5B}.Release|Any CPU.ActiveCfg = Release|Any CPU
		{32D35113-B332-487B-2827-E3F6D262DC5B}.Release|Any CPU.Build.0 = Release|Any CPU
		{AA77CE58-5FBC-3F9E-8FAF-E5CFE857C06A}.Debug|Any CPU.ActiveCfg = Debug|Any CPU
		{AA77CE58-5FBC-3F9E-8FAF-E5CFE857C06A}.Debug|Any CPU.Build.0 = Debug|Any CPU
		{AA77CE58-5FBC-3F9E-8FAF-E5CFE857C06A}.Release|Any CPU.ActiveCfg = Release|Any CPU
		{AA77CE58-5FBC-3F9E-8FAF-E5CFE857C06A}.Release|Any CPU.Build.0 = Release|Any CPU
	EndGlobalSection
	GlobalSection(SolutionProperties) = preSolution
		HideSolutionNode = FALSE
	EndGlobalSection
																							GlobalSection(MonoDevelopProperties) = preSolution
		StartupItem = Assembly-CSharp.csproj
		Policies = $0
		$0.TextStylePolicy = $1
		$1.inheritsSet = null
		$1.scope = text/x-csharp
		$0.CSharpFormattingPolicy = $2
		$2.inheritsSet = Mono
		$2.inheritsScope = text/x-csharp
		$2.scope = text/x-csharp
		$0.TextStylePolicy = $3
		$3.FileWidth = 120
		$3.TabWidth = 4
		$3.EolMarker = Unix
		$3.inheritsSet = Mono
		$3.inheritsScope = text/plain
		$3.scope = text/plain
	EndGlobalSection

EndGlobal
